
Microsoft Visual Studio Solution File, Format Version 12.00
# Visual Studio 14
VisualStudioVersion = 14.0.25420.1
MinimumVisualStudioVersion = 10.0.40219.1
Project("{FAE04EC0-301F-11D3-BF4B-00C04F79EFBC}") = "DouyuBarrage", "DouyuBarrage\DouyuBarrage.csproj", "{E0B6EFB2-54E1-46BB-9BC5-945FEE9262F6}"
EndProject
Project("{FAE04EC0-301F-11D3-BF4B-00C04F79EFBC}") = "Test", "Test\Test.csproj", "{9D5BB911-54AD-41DC-B7F8-C0081073AF8A}"
EndProject
Project("{FAE04EC0-301F-11D3-BF4B-00C04F79EFBC}") = "Barrage.UI", "Barrage.UI\Barrage.UI.csproj", "{8C93C016-8BB7-444C-BD23-EAE9916F90B9}"
EndProject
Global
	GlobalSection(SolutionConfigurationPlatforms) = preSolution
		Debug|Any CPU = Debug|Any CPU
		Release|Any CPU = Release|Any CPU
	EndGlobalSection
	GlobalSection(ProjectConfigurationPlatforms) = postSolution
		{E0B6EFB2-54E1-46BB-9BC5-945FEE9262F6}.Debug|Any CPU.ActiveCfg = Debug|Any CPU
		{E0B6EFB2-54E1-46BB-9BC5-945FEE9262F6}.Debug|Any CPU.Build.0 = Debug|Any CPU
		{E0B6EFB2-54E1-46BB-9BC5-945FEE9262F6}.Release|Any CPU.ActiveCfg = Release|Any CPU
		{E0B6EFB2-54E1-46BB-9BC5-945FEE9262F6}.Release|Any CPU.Build.0 = Release|Any CPU
		{9D5BB911-54AD-41DC-B7F8-C0081073AF8A}.Debug|Any CPU.ActiveCfg = Debug|Any CPU
		{9D5BB911-54AD-41DC-B7F8-C0081073AF8A}.Debug|Any CPU.Build.0 = Debug|Any CPU
		{9D5BB911-54AD-41DC-B7F8-C0081073AF8A}.Release|Any CPU.ActiveCfg = Release|Any CPU
		{9D5BB911-54AD-41DC-B7F8-C0081073AF8A}.Release|Any CPU.Build.0 = Release|Any CPU
		{8C93C016-8BB7-444C-BD23-EAE9916F90B9}.Debug|Any CPU.ActiveCfg = Debug|Any CPU
		{8C93C016-8BB7-444C-BD23-EAE9916F90B9}.Debug|Any CPU.Build.0 = Debug|Any CPU
		{8C93C016-8BB7-444C-BD23-EAE9916F90B9}.Release|Any CPU.ActiveCfg = Release|Any CPU
		{8C93C016-8BB7-444C-BD23-EAE9916F90B9}.Release|Any CPU.Build.0 = Release|Any CPU
	EndGlobalSection
	GlobalSection(SolutionProperties) = preSolution
		HideSolutionNode = FALSE
	EndGlobalSection
EndGlobal
